{
  "version": 2,
  "dependencies": {
    "net10.0": {
      "Microsoft.AspNetCore.App.Internal.Assets": {
        "type": "Direct",
        "requested": "[10.0.7, )",
        "resolved": "10.0.7",
        "contentHash": "ao3i+ks0uOQ7FWacI1hqHkUczebmXrGkUB63Xhkc34QbSzG9nYBlDv9v5l6rtCrHMsDW+13kZlpJrSj1HXddqg=="
      },
      "Microsoft.AspNetCore.Components.WebAssembly.Server": {
        "type": "Direct",
        "requested": "[10.0.7, )",
        "resolved": "10.0.7",
        "contentHash": "OfuZkTusYUgT3m9C94OSv3m1mNiIryUL8nw6VMexWQdVMLD71w+HJeIK+l6u5HuMRrc3GegUuFPazrtBwrQj5Q==",
        "dependencies": {
          "Microsoft.AspNetCore.Components.WebAssembly": "10.0.7"
        }
      },
      "Microsoft.DotNet.HotReload.WebAssembly.Browser": {
        "type": "Transitive",
        "resolved": "10.0.203",
        "contentHash": "OFnGv+vIMJdTX9U1gTIwOeE3isTt5MSy+hFpRvXceYZ2TBadvxWunKL1FHMBtY/fRXbJTtBKhByybknDQwhwgw=="
      },
      "Microsoft.JSInterop.WebAssembly": {
        "type": "Transitive",
        "resolved": "10.0.7",
        "contentHash": "qHLPMsIQhqQ5jTBU3MzQg37rp6EzKT2iaMfGOSzBEiGxg4i+/1aGj3T19u/sboEGMPBx2nwIMLbSK1zLZucMcQ=="
      },
      "cnsplus.shared": {
        "type": "Project"
      },
      "cnsplus.web.client": {
        "type": "Project",
        "dependencies": {
          "CNSPlus.Shared": "[1.0.0, )",
          "Microsoft.AspNetCore.Components.WebAssembly": "[10.0.7, )",
          "Microsoft.DotNet.HotReload.WebAssembly.Browser": "[10.0.203, )"
        }
      },
      "Microsoft.AspNetCore.Components.WebAssembly": {
        "type": "CentralTransitive",
        "requested": "[10.0.7, )",
        "resolved": "10.0.7",
        "contentHash": "3MdUFSPOBlmkCx+YjWQS0s1B+v5QeyHxmix9yQ+HIiF/a01xpgIDXECOK5tCwOwjol01QP0fzKBnBP5LBBRETQ==",
        "dependencies": {
          "Microsoft.JSInterop.WebAssembly": "10.0.7"
        }
      }
    }
  }
}